
Microsoft Visual Studio Solution File, Format Version 12.00
# Visual Studio Version 17
VisualStudioVersion = 17.3.32825.248
MinimumVisualStudioVersion = 10.0.40219.1
Project("{9A19103F-16F7-4668-BE54-9A1E7A4F7556}") = "CoreLib.CORE", "CoreLib.CORE\CoreLib.CORE.csproj", "{0E2F216A-0EF9-4678-950B-05E2E5A94019}"
EndProject
Project("{9A19103F-16F7-4668-BE54-9A1E7A4F7556}") = "CoreLib.ASP", "CoreLib.ASP\CoreLib.ASP.csproj", "{5F111929-FA24-4024-B109-856FFEE26490}"
EndProject
Project("{9A19103F-16F7-4668-BE54-9A1E7A4F7556}") = "CoreLib.STANDALONE", "CoreLib.STANDALONE\CoreLib.STANDALONE.csproj", "{CC774938-2B4A-412E-92E8-296E4CF46F96}"
EndProject
Project("{9A19103F-16F7-4668-BE54-9A1E7A4F7556}") = "CoreLib.OPENXML", "CoreLib.OPENXML\CoreLib.OPENXML.csproj", "{9CE9F480-25F8-4D90-A5C2-48C3C947A04C}"
EndProject
Project("{9A19103F-16F7-4668-BE54-9A1E7A4F7556}") = "CoreLib.CORE.Extensions.WEB", "CoreLib.CORE.Extensions.WEB\CoreLib.CORE.Extensions.WEB.csproj", "{107C7B84-0D47-490B-B5EC-E92745FE044D}"
EndProject
Project("{9A19103F-16F7-4668-BE54-9A1E7A4F7556}") = "CoreLib.CORE.Extensions.Images", "CoreLib.CORE.Extensions.Images\CoreLib.CORE.Extensions.Images.csproj", "{9C09BA2D-BAA6-474F-8573-C863A46095FF}"
EndProject
Project("{9A19103F-16F7-4668-BE54-9A1E7A4F7556}") = "CoreLib.CORE.Extensions.Ru", "CoreLib.CORE.Extensions.Ru\CoreLib.CORE.Extensions.Ru.csproj", "{94C20C6F-0D21-460B-907B-CB2648C4686B}"
EndProject
Project("{9A19103F-16F7-4668-BE54-9A1E7A4F7556}") = "CoreLib.CORE.Extensions.Ru.GostEncryption", "CoreLib.CORE.Extensions.Ru.GostEncryption\CoreLib.CORE.Extensions.Ru.GostEncryption.csproj", "{373A46FD-6B0A-4A42-943C-A31A5A9D8817}"
EndProject
Project("{9A19103F-16F7-4668-BE54-9A1E7A4F7556}") = "CoreLib.CORE.Extensions.Ru.NameCasesGenerator", "CoreLib.CORE.Extensions.Ru.NameCasesGenerator\CoreLib.CORE.Extensions.Ru.NameCasesGenerator.csproj", "{7E8408FA-D8F1-4A4A-BB26-E91CEB09FBE5}"
EndProject
Project("{9A19103F-16F7-4668-BE54-9A1E7A4F7556}") = "CoreLib.CORE.Extensions.Compression", "CoreLib.CORE.Extensions.Compression\CoreLib.CORE.Extensions.Compression.csproj", "{2988466F-559D-4A99-B201-E2560946DC2A}"
EndProject
Project("{9A19103F-16F7-4668-BE54-9A1E7A4F7556}") = "CoreLib.CORE.Extensions.Json.Newtonsoft", "CoreLib.CORE.Extensions.Json.Newtonsoft\CoreLib.CORE.Extensions.Json.Newtonsoft.csproj", "{1744B44E-6A7C-4302-9837-F420070FA52D}"
EndProject
Project("{9A19103F-16F7-4668-BE54-9A1E7A4F7556}") = "CoreLib.ASP.Extensions.YouTube", "CoreLib.ASP.Extensions.YouTube\CoreLib.ASP.Extensions.YouTube.csproj", "{ABA4ED79-335F-4E1B-BEC0-A39823F7659C}"
EndProject
Project("{9A19103F-16F7-4668-BE54-9A1E7A4F7556}") = "CoreLib.ASP.Extensions.Identity.Ru", "CoreLib.ASP.Extensions.Identity.Ru\CoreLib.ASP.Extensions.Identity.Ru.csproj", "{D05D00DA-0C6A-4E44-B239-6A125D70C67D}"
EndProject
Project("{9A19103F-16F7-4668-BE54-9A1E7A4F7556}") = "CoreLib.CORE.Extensions.Json", "CoreLib.CORE.Extensions.Json\CoreLib.CORE.Extensions.Json.csproj", "{B62BBB8E-6AE7-4138-B36F-531488F09B7A}"
EndProject
Global
	GlobalSection(SolutionConfigurationPlatforms) = preSolution
		Debug|Any CPU = Debug|Any CPU
		Release|Any CPU = Release|Any CPU
	EndGlobalSection
	GlobalSection(ProjectConfigurationPlatforms) = postSolution
		{0E2F216A-0EF9-4678-950B-05E2E5A94019}.Debug|Any CPU.ActiveCfg = Debug|Any CPU
		{0E2F216A-0EF9-4678-950B-05E2E5A94019}.Debug|Any CPU.Build.0 = Debug|Any CPU
		{0E2F216A-0EF9-4678-950B-05E2E5A94019}.Release|Any CPU.ActiveCfg = Release|Any CPU
		{0E2F216A-0EF9-4678-950B-05E2E5A94019}.Release|Any CPU.Build.0 = Release|Any CPU
		{5F111929-FA24-4024-B109-856FFEE26490}.Debug|Any CPU.ActiveCfg = Debug|Any CPU
		{5F111929-FA24-4024-B109-856FFEE26490}.Debug|Any CPU.Build.0 = Debug|Any CPU
		{5F111929-FA24-4024-B109-856FFEE26490}.Release|Any CPU.ActiveCfg = Release|Any CPU
		{5F111929-FA24-4024-B109-856FFEE26490}.Release|Any CPU.Build.0 = Release|Any CPU
		{CC774938-2B4A-412E-92E8-296E4CF46F96}.Debug|Any CPU.ActiveCfg = Debug|Any CPU
		{CC774938-2B4A-412E-92E8-296E4CF46F96}.Debug|Any CPU.Build.0 = Debug|Any CPU
		{CC774938-2B4A-412E-92E8-296E4CF46F96}.Release|Any CPU.ActiveCfg = Release|Any CPU
		{CC774938-2B4A-412E-92E8-296E4CF46F96}.Release|Any CPU.Build.0 = Release|Any CPU
		{9CE9F480-25F8-4D90-A5C2-48C3C947A04C}.Debug|Any CPU.ActiveCfg = Debug|Any CPU
		{9CE9F480-25F8-4D90-A5C2-48C3C947A04C}.Debug|Any CPU.Build.0 = Debug|Any CPU
		{9CE9F480-25F8-4D90-A5C2-48C3C947A04C}.Release|Any CPU.ActiveCfg = Release|Any CPU
		{9CE9F480-25F8-4D90-A5C2-48C3C947A04C}.Release|Any CPU.Build.0 = Release|Any CPU
		{107C7B84-0D47-490B-B5EC-E92745FE044D}.Debug|Any CPU.ActiveCfg = Debug|Any CPU
		{107C7B84-0D47-490B-B5EC-E92745FE044D}.Debug|Any CPU.Build.0 = Debug|Any CPU
		{107C7B84-0D47-490B-B5EC-E92745FE044D}.Release|Any CPU.ActiveCfg = Release|Any CPU
		{107C7B84-0D47-490B-B5EC-E92745FE044D}.Release|Any CPU.Build.0 = Release|Any CPU
		{9C09BA2D-BAA6-474F-8573-C863A46095FF}.Debug|Any CPU.ActiveCfg = Debug|Any CPU
		{9C09BA2D-BAA6-474F-8573-C863A46095FF}.Debug|Any CPU.Build.0 = Debug|Any CPU
		{9C09BA2D-BAA6-474F-8573-C863A46095FF}.Release|Any CPU.ActiveCfg = Release|Any CPU
		{9C09BA2D-BAA6-474F-8573-C863A46095FF}.Release|Any CPU.Build.0 = Release|Any CPU
		{94C20C6F-0D21-460B-907B-CB2648C4686B}.Debug|Any CPU.ActiveCfg = Debug|Any CPU
		{94C20C6F-0D21-460B-907B-CB2648C4686B}.Debug|Any CPU.Build.0 = Debug|Any CPU
		{94C20C6F-0D21-460B-907B-CB2648C4686B}.Release|Any CPU.ActiveCfg = Release|Any CPU
		{94C20C6F-0D21-460B-907B-CB2648C4686B}.Release|Any CPU.Build.0 = Release|Any CPU
		{373A46FD-6B0A-4A42-943C-A31A5A9D8817}.Debug|Any CPU.ActiveCfg = Debug|Any CPU
		{373A46FD-6B0A-4A42-943C-A31A5A9D8817}.Debug|Any CPU.Build.0 = Debug|Any CPU
		{373A46FD-6B0A-4A42-943C-A31A5A9D8817}.Release|Any CPU.ActiveCfg = Release|Any CPU
		{373A46FD-6B0A-4A42-943C-A31A5A9D8817}.Release|Any CPU.Build.0 = Release|Any CPU
		{7E8408FA-D8F1-4A4A-BB26-E91CEB09FBE5}.Debug|Any CPU.ActiveCfg = Debug|Any CPU
		{7E8408FA-D8F1-4A4A-BB26-E91CEB09FBE5}.Debug|Any CPU.Build.0 = Debug|Any CPU
		{7E8408FA-D8F1-4A4A-BB26-E91CEB09FBE5}.Release|Any CPU.ActiveCfg = Release|Any CPU
		{7E8408FA-D8F1-4A4A-BB26-E91CEB09FBE5}.Release|Any CPU.Build.0 = Release|Any CPU
		{2988466F-559D-4A99-B201-E2560946DC2A}.Debug|Any CPU.ActiveCfg = Debug|Any CPU
		{2988466F-559D-4A99-B201-E2560946DC2A}.Debug|Any CPU.Build.0 = Debug|Any CPU
		{2988466F-559D-4A99-B201-E2560946DC2A}.Release|Any CPU.ActiveCfg = Release|Any CPU
		{2988466F-559D-4A99-B201-E2560946DC2A}.Release|Any CPU.Build.0 = Release|Any CPU
		{1744B44E-6A7C-4302-9837-F420070FA52D}.Debug|Any CPU.ActiveCfg = Debug|Any CPU
		{1744B44E-6A7C-4302-9837-F420070FA52D}.Debug|Any CPU.Build.0 = Debug|Any CPU
		{1744B44E-6A7C-4302-9837-F420070FA52D}.Release|Any CPU.ActiveCfg = Release|Any CPU
		{1744B44E-6A7C-4302-9837-F420070FA52D}.Release|Any CPU.Build.0 = Release|Any CPU
		{ABA4ED79-335F-4E1B-BEC0-A39823F7659C}.Debug|Any CPU.ActiveCfg = Debug|Any CPU
		{ABA4ED79-335F-4E1B-BEC0-A39823F7659C}.Debug|Any CPU.Build.0 = Debug|Any CPU
		{ABA4ED79-335F-4E1B-BEC0-A39823F7659C}.Release|Any CPU.ActiveCfg = Release|Any CPU
		{ABA4ED79-335F-4E1B-BEC0-A39823F7659C}.Release|Any CPU.Build.0 = Release|Any CPU
		{D05D00DA-0C6A-4E44-B239-6A125D70C67D}.Debug|Any CPU.ActiveCfg = Debug|Any CPU
		{D05D00DA-0C6A-4E44-B239-6A125D70C67D}.Debug|Any CPU.Build.0 = Debug|Any CPU
		{D05D00DA-0C6A-4E44-B239-6A125D70C67D}.Release|Any CPU.ActiveCfg = Release|Any CPU
		{D05D00DA-0C6A-4E44-B239-6A125D70C67D}.Release|Any CPU.Build.0 = Release|Any CPU
		{B62BBB8E-6AE7-4138-B36F-531488F09B7A}.Debug|Any CPU.ActiveCfg = Debug|Any CPU
		{B62BBB8E-6AE7-4138-B36F-531488F09B7A}.Debug|Any CPU.Build.0 = Debug|Any CPU
		{B62BBB8E-6AE7-4138-B36F-531488F09B7A}.Release|Any CPU.ActiveCfg = Release|Any CPU
		{B62BBB8E-6AE7-4138-B36F-531488F09B7A}.Release|Any CPU.Build.0 = Release|Any CPU
	EndGlobalSection
	GlobalSection(SolutionProperties) = preSolution
		HideSolutionNode = FALSE
	EndGlobalSection
	GlobalSection(ExtensibilityGlobals) = postSolution
		SolutionGuid = {5E563F47-3452-4D92-8DBA-0E470CED52E7}
	EndGlobalSection
EndGlobal
