
Microsoft Visual Studio Solution File, Format Version 12.00
# Visual Studio 15
VisualStudioVersion = 15.0.28307.572
MinimumVisualStudioVersion = 10.0.40219.1
Project("{9A19103F-16F7-4668-BE54-9A1E7A4F7556}") = "CoreLib.CORE", "CoreLib.CORE\CoreLib.CORE.csproj", "{0E2F216A-0EF9-4678-950B-05E2E5A94019}"
EndProject
Project("{9A19103F-16F7-4668-BE54-9A1E7A4F7556}") = "GOST", "GOST\GOST\GOST.csproj", "{4AD57184-FFCE-482E-9237-A5D88B7B868C}"
EndProject
Project("{9A19103F-16F7-4668-BE54-9A1E7A4F7556}") = "NameCaseLib", "NameCaseLib\NameCaseLib\NameCaseLib.csproj", "{B4774D45-C7E2-42DE-BBF6-61CB9C21EBE9}"
EndProject
Project("{FAE04EC0-301F-11D3-BF4B-00C04F79EFBC}") = "CoreLib.ASP", "CoreLib.ASP\CoreLib.ASP.csproj", "{5F111929-FA24-4024-B109-856FFEE26490}"
EndProject
Global
	GlobalSection(SolutionConfigurationPlatforms) = preSolution
		Debug|Any CPU = Debug|Any CPU
		Release|Any CPU = Release|Any CPU
	EndGlobalSection
	GlobalSection(ProjectConfigurationPlatforms) = postSolution
		{0E2F216A-0EF9-4678-950B-05E2E5A94019}.Debug|Any CPU.ActiveCfg = Debug|Any CPU
		{0E2F216A-0EF9-4678-950B-05E2E5A94019}.Debug|Any CPU.Build.0 = Debug|Any CPU
		{0E2F216A-0EF9-4678-950B-05E2E5A94019}.Release|Any CPU.ActiveCfg = Release|Any CPU
		{0E2F216A-0EF9-4678-950B-05E2E5A94019}.Release|Any CPU.Build.0 = Release|Any CPU
		{4AD57184-FFCE-482E-9237-A5D88B7B868C}.Debug|Any CPU.ActiveCfg = Debug|Any CPU
		{4AD57184-FFCE-482E-9237-A5D88B7B868C}.Debug|Any CPU.Build.0 = Debug|Any CPU
		{4AD57184-FFCE-482E-9237-A5D88B7B868C}.Release|Any CPU.ActiveCfg = Release|Any CPU
		{4AD57184-FFCE-482E-9237-A5D88B7B868C}.Release|Any CPU.Build.0 = Release|Any CPU
		{B4774D45-C7E2-42DE-BBF6-61CB9C21EBE9}.Debug|Any CPU.ActiveCfg = Debug|Any CPU
		{B4774D45-C7E2-42DE-BBF6-61CB9C21EBE9}.Debug|Any CPU.Build.0 = Debug|Any CPU
		{B4774D45-C7E2-42DE-BBF6-61CB9C21EBE9}.Release|Any CPU.ActiveCfg = Release|Any CPU
		{B4774D45-C7E2-42DE-BBF6-61CB9C21EBE9}.Release|Any CPU.Build.0 = Release|Any CPU
		{5F111929-FA24-4024-B109-856FFEE26490}.Debug|Any CPU.ActiveCfg = Debug|Any CPU
		{5F111929-FA24-4024-B109-856FFEE26490}.Debug|Any CPU.Build.0 = Debug|Any CPU
		{5F111929-FA24-4024-B109-856FFEE26490}.Release|Any CPU.ActiveCfg = Release|Any CPU
		{5F111929-FA24-4024-B109-856FFEE26490}.Release|Any CPU.Build.0 = Release|Any CPU
	EndGlobalSection
	GlobalSection(SolutionProperties) = preSolution
		HideSolutionNode = FALSE
	EndGlobalSection
	GlobalSection(ExtensibilityGlobals) = postSolution
		SolutionGuid = {5E563F47-3452-4D92-8DBA-0E470CED52E7}
	EndGlobalSection
EndGlobal
